# This file is autogenerated, do not edit; changes may be undone by the next 'dep ensure'.


[[projects]]
  name = "github.com/Sirupsen/logrus"
  packages = ["."]
  revision = "a3f95b5c423586578a4e099b11a46c2479628cac"
  version = "1.0.2"

[[projects]]
  name = "github.com/armon/go-radix"
  packages = ["."]
  revision = "4239b77079c7b5d1243b7b4736304ce8ddb6f0f2"

[[projects]]
  name = "github.com/coreos/go-iptables"
  packages = ["iptables"]
  revision = "5463fbac3bcc6b990663941c2e12660d19f6b36d"

[[projects]]
  name = "github.com/eapache/channels"
  packages = ["."]
  revision = "47238d5aae8c0fefd518ef2bee46290909cf8263"
  version = "v1.1.0"

[[projects]]
  branch = "master"
  name = "github.com/eapache/queue"
  packages = ["."]
  revision = "44cc805cf13205b55f69e14bcb69867d1ae92f98"

[[projects]]
  name = "github.com/fsnotify/fsnotify"
  packages = ["."]
  revision = "a904159b9206978bb6d53fcc7a769e5cd726c737"

[[projects]]
  name = "github.com/golang/protobuf"
  packages = ["proto"]
  revision = "4bd1920723d7b7c925de087aa32e2187708897f7"

[[projects]]
  name = "github.com/hashicorp/hcl"
  packages = [".","hcl/ast","hcl/parser","hcl/scanner","hcl/strconv","hcl/token","json/parser","json/scanner","json/token"]
  revision = "372e8ddaa16fd67e371e9323807d056b799360af"

[[projects]]
  name = "github.com/influxdata/influxdb"
  packages = ["client/v2","models","pkg/escape"]
  revision = "8c25f0104eba8c0060e44a489f9d549e7d6a7a4d"

[[projects]]
  name = "github.com/jessevdk/go-flags"
  packages = ["."]
  revision = "460c7bb0abd6e927f2767cadc91aa6ef776a98b4"

[[projects]]
  name = "github.com/magiconair/properties"
  packages = ["."]
  revision = "b3b15ef068fd0b17ddf408a23669f20811d194d2"

[[projects]]
  name = "github.com/mitchellh/mapstructure"
  packages = ["."]
  revision = "db1efb556f84b25a0a13a04aad883943538ad2e0"

[[projects]]
  name = "github.com/osrg/gobgp"
  packages = ["api","client","config","packet/bgp","packet/bmp","packet/mrt","packet/rtr","server","table","zebra"]
  revision = "7f95cdc871e21d194ebfaf9c10d0596f17ff2971"

[[projects]]
  branch = "master"
  name = "github.com/osrg/goplane"
  packages = ["config"]
  revision = "0330520b43e7afaae1c28bf787507b2a04cb0ab1"

[[projects]]
  name = "github.com/pelletier/go-buffruneio"
  packages = ["."]
  revision = "df1e16fde7fc330a0ca68167c23bf7ed6ac31d6d"
  version = "v0.1.0"

[[projects]]
  name = "github.com/pelletier/go-toml"
  packages = ["."]
  revision = "d1fa2118c12c44e4f5004da216d1efad10cb4924"

[[projects]]
  name = "github.com/rirenner/gobgp"
  packages = ["api","config","packet/bgp","server"]
  revision = "bbd1d99396fef6503e308d1851ecf91c31006635"
  version = "v1.22"

[[projects]]
  name = "github.com/satori/go.uuid"
  packages = ["."]
  revision = "b061729afc07e77a8aa4fad0a2fd840958f1942a"

[[projects]]
  name = "github.com/sirupsen/logrus"
  packages = [".","hooks/syslog"]
  revision = "c078b1e43f58d563c74cebe63c85789e76ddb627"
  version = "v0.11.2"

[[projects]]
  name = "github.com/spf13/afero"
  packages = [".","mem"]
  revision = "72b31426848c6ef12a7a8e216708cb0d1530f074"

[[projects]]
  name = "github.com/spf13/cast"
  packages = ["."]
  revision = "d1139bab1c07d5ad390a65e7305876b3c1a8370b"

[[projects]]
  name = "github.com/spf13/jwalterweatherman"
  packages = ["."]
  revision = "fa7ca7e836cf3a8bb4ebf799f472c12d7e903d66"

[[projects]]
  name = "github.com/spf13/pflag"
  packages = ["."]
  revision = "08b1a584251b5b62f458943640fc8ebd4d50aaa5"

[[projects]]
  name = "github.com/spf13/viper"
  packages = ["."]
  revision = "5ed0fc31f7f453625df314d8e66b9791e8d13003"

[[projects]]
  name = "github.com/vishvananda/netlink"
  packages = [".","nl"]
  revision = "87909c6dada5cba3aa659144a40b1e575d79d625"

[[projects]]
  name = "github.com/vishvananda/netns"
  packages = ["."]
  revision = "8ba1072b58e0c2a240eb5f6120165c7776c3e7b8"

[[projects]]
  name = "golang.org/x/net"
  packages = ["context","http2","http2/hpack","idna","internal/timeseries","lex/httplex","trace"]
  revision = "f2499483f923065a842d38eb4c7f1927e6fc6e6d"

[[projects]]
  name = "golang.org/x/sys"
  packages = ["unix"]
  revision = "8f0908ab3b2457e2e15403d3697c9ef5cb4b57a9"

[[projects]]
  name = "golang.org/x/text"
  packages = ["internal/gen","internal/triegen","internal/ucd","transform","unicode/cldr","unicode/norm"]
  revision = "2910a502d2bf9e43193af9d68ca516529614eed3"

[[projects]]
  name = "google.golang.org/grpc"
  packages = [".","codes","credentials","grpclog","internal","keepalive","metadata","naming","peer","stats","tap","transport"]
  revision = "8050b9cbc271307e5a716a9d782803d09b0d6f2d"
  version = "v1.2.1"

[[projects]]
  branch = "v2"
  name = "gopkg.in/tomb.v2"
  packages = ["."]
  revision = "d5d1b5820637886def9eef33e03a27a9f166942c"

[[projects]]
  name = "gopkg.in/yaml.v2"
  packages = ["."]
  revision = "53feefa2559fb8dfa8d81baad31be332c97d6c77"

[solve-meta]
  analyzer-name = "dep"
  analyzer-version = 1
  inputs-digest = "70a37dc34ad6d7d3bcde5ee1973a1fa23dc1789aad9b3f3bf1e6646e5eb7f361"
  solver-name = "gps-cdcl"
  solver-version = 1
